
Microsoft Visual Studio Solution File, Format Version 12.00
# Visual Studio 2013
VisualStudioVersion = 12.0.21005.1
MinimumVisualStudioVersion = 10.0.40219.1
Project("{FAE04EC0-301F-11D3-BF4B-00C04F79EFBC}") = "CodeOnlyStoredProcedure", "CodeOnlyStoredProcedure\CodeOnlyStoredProcedure.csproj", "{37762E7B-48CC-4001-B479-ECB1923AE2E0}"
EndProject
Project("{FAE04EC0-301F-11D3-BF4B-00C04F79EFBC}") = "CodeOnlyStoredProcedure-NET40", "CodeOnlyStoredProcedure-NET40\CodeOnlyStoredProcedure-NET40.csproj", "{31800E2D-04B0-4D10-A40F-D59ECD63933A}"
EndProject
Project("{FAE04EC0-301F-11D3-BF4B-00C04F79EFBC}") = "CodeOnlyTests", "CodeOnlyTests\CodeOnlyTests.csproj", "{7F68701D-19F3-482C-B3DE-91477DCA49DD}"
EndProject
Project("{FAE04EC0-301F-11D3-BF4B-00C04F79EFBC}") = "CodeOnlyTests-NET40", "CodeOnlyTests-NET40\CodeOnlyTests-NET40.csproj", "{B036AF35-E4F4-4E7A-8D54-707EB4647F3F}"
EndProject
Project("{2150E333-8FDC-42A3-9474-1A3956D46DE8}") = "Build", "Build", "{E1002D45-1AC1-4D75-9BFE-5BB759C7CC89}"
	ProjectSection(SolutionItems) = preProject
		Build\CodeOnlyStoredProcedures.nuspec = Build\CodeOnlyStoredProcedures.nuspec
		Build\Version.xml = Build\Version.xml
	EndProjectSection
EndProject
Global
	GlobalSection(SolutionConfigurationPlatforms) = preSolution
		Debug|Any CPU = Debug|Any CPU
		Release|Any CPU = Release|Any CPU
	EndGlobalSection
	GlobalSection(ProjectConfigurationPlatforms) = postSolution
		{37762E7B-48CC-4001-B479-ECB1923AE2E0}.Debug|Any CPU.ActiveCfg = Debug|Any CPU
		{37762E7B-48CC-4001-B479-ECB1923AE2E0}.Debug|Any CPU.Build.0 = Debug|Any CPU
		{37762E7B-48CC-4001-B479-ECB1923AE2E0}.Release|Any CPU.ActiveCfg = Release|Any CPU
		{37762E7B-48CC-4001-B479-ECB1923AE2E0}.Release|Any CPU.Build.0 = Release|Any CPU
		{31800E2D-04B0-4D10-A40F-D59ECD63933A}.Debug|Any CPU.ActiveCfg = Debug|Any CPU
		{31800E2D-04B0-4D10-A40F-D59ECD63933A}.Debug|Any CPU.Build.0 = Debug|Any CPU
		{31800E2D-04B0-4D10-A40F-D59ECD63933A}.Release|Any CPU.ActiveCfg = Release|Any CPU
		{31800E2D-04B0-4D10-A40F-D59ECD63933A}.Release|Any CPU.Build.0 = Release|Any CPU
		{7F68701D-19F3-482C-B3DE-91477DCA49DD}.Debug|Any CPU.ActiveCfg = Debug|Any CPU
		{7F68701D-19F3-482C-B3DE-91477DCA49DD}.Debug|Any CPU.Build.0 = Debug|Any CPU
		{7F68701D-19F3-482C-B3DE-91477DCA49DD}.Release|Any CPU.ActiveCfg = Release|Any CPU
		{7F68701D-19F3-482C-B3DE-91477DCA49DD}.Release|Any CPU.Build.0 = Release|Any CPU
		{B036AF35-E4F4-4E7A-8D54-707EB4647F3F}.Debug|Any CPU.ActiveCfg = Debug|Any CPU
		{B036AF35-E4F4-4E7A-8D54-707EB4647F3F}.Debug|Any CPU.Build.0 = Debug|Any CPU
		{B036AF35-E4F4-4E7A-8D54-707EB4647F3F}.Release|Any CPU.ActiveCfg = Release|Any CPU
		{B036AF35-E4F4-4E7A-8D54-707EB4647F3F}.Release|Any CPU.Build.0 = Release|Any CPU
	EndGlobalSection
	GlobalSection(SolutionProperties) = preSolution
		HideSolutionNode = FALSE
	EndGlobalSection
EndGlobal
