
Microsoft Visual Studio Solution File, Format Version 12.00
# Visual Studio 2013
VisualStudioVersion = 12.0.31101.0
MinimumVisualStudioVersion = 10.0.40219.1
Project("{FAE04EC0-301F-11D3-BF4B-00C04F79EFBC}") = "CodeOnlyStoredProcedure", "CodeOnlyStoredProcedure\CodeOnlyStoredProcedure.csproj", "{37762E7B-48CC-4001-B479-ECB1923AE2E0}"
EndProject
Project("{FAE04EC0-301F-11D3-BF4B-00C04F79EFBC}") = "CodeOnlyStoredProcedure-NET40", "CodeOnlyStoredProcedure-NET40\CodeOnlyStoredProcedure-NET40.csproj", "{31800E2D-04B0-4D10-A40F-D59ECD63933A}"
EndProject
Project("{FAE04EC0-301F-11D3-BF4B-00C04F79EFBC}") = "CodeOnlyTests", "CodeOnlyTests\CodeOnlyTests.csproj", "{7F68701D-19F3-482C-B3DE-91477DCA49DD}"
EndProject
Project("{FAE04EC0-301F-11D3-BF4B-00C04F79EFBC}") = "CodeOnlyTests-NET40", "CodeOnlyTests-NET40\CodeOnlyTests-NET40.csproj", "{B036AF35-E4F4-4E7A-8D54-707EB4647F3F}"
EndProject
Project("{2150E333-8FDC-42A3-9474-1A3956D46DE8}") = "Build", "Build", "{E1002D45-1AC1-4D75-9BFE-5BB759C7CC89}"
	ProjectSection(SolutionItems) = preProject
		appveyor.yml = appveyor.yml
		CodeOnlyStoredProcedures.nuspec = CodeOnlyStoredProcedures.nuspec
	EndProjectSection
EndProject
Project("{FAE04EC0-301F-11D3-BF4B-00C04F79EFBC}") = "SmokeTests", "SmokeTests\SmokeTests.csproj", "{4924DD1E-BE78-4254-AF20-C57077E61FA7}"
EndProject
Project("{FAE04EC0-301F-11D3-BF4B-00C04F79EFBC}") = "SmokeTests-NET40", "SmokeTests-NET40\SmokeTests-NET40.csproj", "{1823FE39-EFB7-480A-881B-F204CC75543E}"
EndProject
Project("{7CF6DF6D-3B04-46F8-A40B-537D21BCA0B4}") = "Documentation", "Documentation\Documentation.shfbproj", "{CFFB3E02-288C-4971-B373-3B7C812D35C1}"
EndProject
Project("{2150E333-8FDC-42A3-9474-1A3956D46DE8}") = "Documentation", "Documentation", "{83B3F35F-3954-4900-A1C8-97914D030C51}"
	ProjectSection(SolutionItems) = preProject
		readme.md = readme.md
	EndProjectSection
EndProject
Global
	GlobalSection(SolutionConfigurationPlatforms) = preSolution
		Debug|Any CPU = Debug|Any CPU
		Release|Any CPU = Release|Any CPU
	EndGlobalSection
	GlobalSection(ProjectConfigurationPlatforms) = postSolution
		{37762E7B-48CC-4001-B479-ECB1923AE2E0}.Debug|Any CPU.ActiveCfg = Debug|Any CPU
		{37762E7B-48CC-4001-B479-ECB1923AE2E0}.Debug|Any CPU.Build.0 = Debug|Any CPU
		{37762E7B-48CC-4001-B479-ECB1923AE2E0}.Debug|Any CPU.Deploy.0 = Debug|Any CPU
		{37762E7B-48CC-4001-B479-ECB1923AE2E0}.Release|Any CPU.ActiveCfg = Release|Any CPU
		{37762E7B-48CC-4001-B479-ECB1923AE2E0}.Release|Any CPU.Build.0 = Release|Any CPU
		{31800E2D-04B0-4D10-A40F-D59ECD63933A}.Debug|Any CPU.ActiveCfg = Debug|Any CPU
		{31800E2D-04B0-4D10-A40F-D59ECD63933A}.Debug|Any CPU.Build.0 = Debug|Any CPU
		{31800E2D-04B0-4D10-A40F-D59ECD63933A}.Release|Any CPU.ActiveCfg = Release|Any CPU
		{31800E2D-04B0-4D10-A40F-D59ECD63933A}.Release|Any CPU.Build.0 = Release|Any CPU
		{7F68701D-19F3-482C-B3DE-91477DCA49DD}.Debug|Any CPU.ActiveCfg = Debug|Any CPU
		{7F68701D-19F3-482C-B3DE-91477DCA49DD}.Debug|Any CPU.Build.0 = Debug|Any CPU
		{7F68701D-19F3-482C-B3DE-91477DCA49DD}.Release|Any CPU.ActiveCfg = Release|Any CPU
		{7F68701D-19F3-482C-B3DE-91477DCA49DD}.Release|Any CPU.Build.0 = Release|Any CPU
		{B036AF35-E4F4-4E7A-8D54-707EB4647F3F}.Debug|Any CPU.ActiveCfg = Debug|Any CPU
		{B036AF35-E4F4-4E7A-8D54-707EB4647F3F}.Debug|Any CPU.Build.0 = Debug|Any CPU
		{B036AF35-E4F4-4E7A-8D54-707EB4647F3F}.Release|Any CPU.ActiveCfg = Release|Any CPU
		{B036AF35-E4F4-4E7A-8D54-707EB4647F3F}.Release|Any CPU.Build.0 = Release|Any CPU
		{4924DD1E-BE78-4254-AF20-C57077E61FA7}.Debug|Any CPU.ActiveCfg = Debug|Any CPU
		{4924DD1E-BE78-4254-AF20-C57077E61FA7}.Debug|Any CPU.Build.0 = Debug|Any CPU
		{4924DD1E-BE78-4254-AF20-C57077E61FA7}.Release|Any CPU.ActiveCfg = Release|Any CPU
		{4924DD1E-BE78-4254-AF20-C57077E61FA7}.Release|Any CPU.Build.0 = Release|Any CPU
		{1823FE39-EFB7-480A-881B-F204CC75543E}.Debug|Any CPU.ActiveCfg = Debug|Any CPU
		{1823FE39-EFB7-480A-881B-F204CC75543E}.Debug|Any CPU.Build.0 = Debug|Any CPU
		{1823FE39-EFB7-480A-881B-F204CC75543E}.Release|Any CPU.ActiveCfg = Release|Any CPU
		{1823FE39-EFB7-480A-881B-F204CC75543E}.Release|Any CPU.Build.0 = Release|Any CPU
		{CFFB3E02-288C-4971-B373-3B7C812D35C1}.Debug|Any CPU.ActiveCfg = Debug|Any CPU
		{CFFB3E02-288C-4971-B373-3B7C812D35C1}.Debug|Any CPU.Build.0 = Debug|Any CPU
		{CFFB3E02-288C-4971-B373-3B7C812D35C1}.Release|Any CPU.ActiveCfg = Release|Any CPU
	EndGlobalSection
	GlobalSection(SolutionProperties) = preSolution
		HideSolutionNode = FALSE
	EndGlobalSection
EndGlobal
